// !$*UTF8*$!
{
	archiveVersion = 1;
	classes = {
	};
	objectVersion = 46;
	objects = {

/* Begin PBXBuildFile section */
		4EFB52DD18A2B26600B6096A /* Foundation.framework in Frameworks */ = {isa = PBXBuildFile; fileRef = 4EFB52DC18A2B26600B6096A /* Foundation.framework */; };
		4EFB52EB18A2B26600B6096A /* XCTest.framework in Frameworks */ = {isa = PBXBuildFile; fileRef = 4EFB52EA18A2B26600B6096A /* XCTest.framework */; };
		4EFB52EC18A2B26600B6096A /* Foundation.framework in Frameworks */ = {isa = PBXBuildFile; fileRef = 4EFB52DC18A2B26600B6096A /* Foundation.framework */; };
		4EFB52EE18A2B26600B6096A /* UIKit.framework in Frameworks */ = {isa = PBXBuildFile; fileRef = 4EFB52ED18A2B26600B6096A /* UIKit.framework */; };
		4EFB52F118A2B26600B6096A /* libLolayInvestigo.a in Frameworks */ = {isa = PBXBuildFile; fileRef = 4EFB52D918A2B26600B6096A /* libLolayInvestigo.a */; };
		4EFB52F718A2B26600B6096A /* InfoPlist.strings in Resources */ = {isa = PBXBuildFile; fileRef = 4EFB52F518A2B26600B6096A /* InfoPlist.strings */; };
		4EFB531B18A2B2BF00B6096A /* LolayBaseTracker.m in Sources */ = {isa = PBXBuildFile; fileRef = 4EFB530718A2B2BF00B6096A /* LolayBaseTracker.m */; };
		4EFB531D18A2B2BF00B6096A /* LolayFlurryTracker.m in Sources */ = {isa = PBXBuildFile; fileRef = 4EFB530B18A2B2BF00B6096A /* LolayFlurryTracker.m */; };
		4EFB531E18A2B2BF00B6096A /* LolayLocaleTracker.m in Sources */ = {isa = PBXBuildFile; fileRef = 4EFB530D18A2B2BF00B6096A /* LolayLocaleTracker.m */; };
		4EFB531F18A2B2BF00B6096A /* LolayMultipleTracker.m in Sources */ = {isa = PBXBuildFile; fileRef = 4EFB530F18A2B2BF00B6096A /* LolayMultipleTracker.m */; };
		4EFB532018A2B2BF00B6096A /* LolayNoTracker.m in Sources */ = {isa = PBXBuildFile; fileRef = 4EFB531118A2B2BF00B6096A /* LolayNoTracker.m */; };
		4EFB532118A2B2BF00B6096A /* LolayNSLogTracker.m in Sources */ = {isa = PBXBuildFile; fileRef = 4EFB531318A2B2BF00B6096A /* LolayNSLogTracker.m */; };
		4EFB532918A2B77300B6096A /* libFlurry.a in Frameworks */ = {isa = PBXBuildFile; fileRef = 4EFB532718A2B77300B6096A /* libFlurry.a */; settings = {ATTRIBUTES = (Weak, ); }; };
		4EFB532B18A2B98A00B6096A /* LolayFlurryTrackerTests.m in Sources */ = {isa = PBXBuildFile; fileRef = 4EFB532A18A2B98A00B6096A /* LolayFlurryTrackerTests.m */; };
		4EFB533518A2BEAE00B6096A /* libOCMock.a in Frameworks */ = {isa = PBXBuildFile; fileRef = 4EFB532D18A2BEAE00B6096A /* libOCMock.a */; };
/* End PBXBuildFile section */

/* Begin PBXContainerItemProxy section */
		4EFB52EF18A2B26600B6096A /* PBXContainerItemProxy */ = {
			isa = PBXContainerItemProxy;
			containerPortal = 4EFB52D118A2B26600B6096A /* Project object */;
			proxyType = 1;
			remoteGlobalIDString = 4EFB52D818A2B26600B6096A;
			remoteInfo = LolayInvestigo;
		};
/* End PBXContainerItemProxy section */

/* Begin PBXCopyFilesBuildPhase section */
		4EFB52D718A2B26600B6096A /* CopyFiles */ = {
			isa = PBXCopyFilesBuildPhase;
			buildActionMask = 2147483647;
			dstPath = "include/$(PRODUCT_NAME)";
			dstSubfolderSpec = 16;
			files = (
			);
			runOnlyForDeploymentPostprocessing = 0;
		};
/* End PBXCopyFilesBuildPhase section */

/* Begin PBXFileReference section */
		4EFB52D918A2B26600B6096A /* libLolayInvestigo.a */ = {isa = PBXFileReference; explicitFileType = archive.ar; includeInIndex = 0; path = libLolayInvestigo.a; sourceTree = BUILT_PRODUCTS_DIR; };
		4EFB52DC18A2B26600B6096A /* Foundation.framework */ = {isa = PBXFileReference; lastKnownFileType = wrapper.framework; name = Foundation.framework; path = System/Library/Frameworks/Foundation.framework; sourceTree = SDKROOT; };
		4EFB52E018A2B26600B6096A /* LolayInvestigo-Prefix.pch */ = {isa = PBXFileReference; lastKnownFileType = sourcecode.c.h; path = "LolayInvestigo-Prefix.pch"; sourceTree = "<group>"; };
		4EFB52E918A2B26600B6096A /* LolayInvestigoTests.xctest */ = {isa = PBXFileReference; explicitFileType = wrapper.cfbundle; includeInIndex = 0; path = LolayInvestigoTests.xctest; sourceTree = BUILT_PRODUCTS_DIR; };
		4EFB52EA18A2B26600B6096A /* XCTest.framework */ = {isa = PBXFileReference; lastKnownFileType = wrapper.framework; name = XCTest.framework; path = Library/Frameworks/XCTest.framework; sourceTree = DEVELOPER_DIR; };
		4EFB52ED18A2B26600B6096A /* UIKit.framework */ = {isa = PBXFileReference; lastKnownFileType = wrapper.framework; name = UIKit.framework; path = Library/Frameworks/UIKit.framework; sourceTree = DEVELOPER_DIR; };
		4EFB52F418A2B26600B6096A /* LolayInvestigoTests-Info.plist */ = {isa = PBXFileReference; lastKnownFileType = text.plist.xml; path = "LolayInvestigoTests-Info.plist"; sourceTree = "<group>"; };
		4EFB52F618A2B26600B6096A /* en */ = {isa = PBXFileReference; lastKnownFileType = text.plist.strings; name = en; path = en.lproj/InfoPlist.strings; sourceTree = "<group>"; };
		4EFB530218A2B2BF00B6096A /* LolayAdMobTracking.h */ = {isa = PBXFileReference; fileEncoding = 4; lastKnownFileType = sourcecode.c.h; path = LolayAdMobTracking.h; sourceTree = "<group>"; };
		4EFB530318A2B2BF00B6096A /* LolayAdMobTracking.m */ = {isa = PBXFileReference; fileEncoding = 4; lastKnownFileType = sourcecode.c.objc; path = LolayAdMobTracking.m; sourceTree = "<group>"; };
		4EFB530418A2B2BF00B6096A /* LolayBangoTracker.h */ = {isa = PBXFileReference; fileEncoding = 4; lastKnownFileType = sourcecode.c.h; path = LolayBangoTracker.h; sourceTree = "<group>"; };
		4EFB530518A2B2BF00B6096A /* LolayBangoTracker.m */ = {isa = PBXFileReference; fileEncoding = 4; lastKnownFileType = sourcecode.c.objc; path = LolayBangoTracker.m; sourceTree = "<group>"; };
		4EFB530618A2B2BF00B6096A /* LolayBaseTracker.h */ = {isa = PBXFileReference; fileEncoding = 4; lastKnownFileType = sourcecode.c.h; path = LolayBaseTracker.h; sourceTree = "<group>"; };
		4EFB530718A2B2BF00B6096A /* LolayBaseTracker.m */ = {isa = PBXFileReference; fileEncoding = 4; lastKnownFileType = sourcecode.c.objc; path = LolayBaseTracker.m; sourceTree = "<group>"; };
		4EFB530818A2B2BF00B6096A /* LolayFiksuTracker.h */ = {isa = PBXFileReference; fileEncoding = 4; lastKnownFileType = sourcecode.c.h; path = LolayFiksuTracker.h; sourceTree = "<group>"; };
		4EFB530918A2B2BF00B6096A /* LolayFiksuTracker.m */ = {isa = PBXFileReference; fileEncoding = 4; lastKnownFileType = sourcecode.c.objc; path = LolayFiksuTracker.m; sourceTree = "<group>"; };
		4EFB530A18A2B2BF00B6096A /* LolayFlurryTracker.h */ = {isa = PBXFileReference; fileEncoding = 4; lastKnownFileType = sourcecode.c.h; path = LolayFlurryTracker.h; sourceTree = "<group>"; };
		4EFB530B18A2B2BF00B6096A /* LolayFlurryTracker.m */ = {isa = PBXFileReference; fileEncoding = 4; lastKnownFileType = sourcecode.c.objc; path = LolayFlurryTracker.m; sourceTree = "<group>"; };
		4EFB530C18A2B2BF00B6096A /* LolayLocaleTracker.h */ = {isa = PBXFileReference; fileEncoding = 4; lastKnownFileType = sourcecode.c.h; path = LolayLocaleTracker.h; sourceTree = "<group>"; };
		4EFB530D18A2B2BF00B6096A /* LolayLocaleTracker.m */ = {isa = PBXFileReference; fileEncoding = 4; lastKnownFileType = sourcecode.c.objc; path = LolayLocaleTracker.m; sourceTree = "<group>"; };
		4EFB530E18A2B2BF00B6096A /* LolayMultipleTracker.h */ = {isa = PBXFileReference; fileEncoding = 4; lastKnownFileType = sourcecode.c.h; path = LolayMultipleTracker.h; sourceTree = "<group>"; };
		4EFB530F18A2B2BF00B6096A /* LolayMultipleTracker.m */ = {isa = PBXFileReference; fileEncoding = 4; lastKnownFileType = sourcecode.c.objc; path = LolayMultipleTracker.m; sourceTree = "<group>"; };
		4EFB531018A2B2BF00B6096A /* LolayNoTracker.h */ = {isa = PBXFileReference; fileEncoding = 4; lastKnownFileType = sourcecode.c.h; path = LolayNoTracker.h; sourceTree = "<group>"; };
		4EFB531118A2B2BF00B6096A /* LolayNoTracker.m */ = {isa = PBXFileReference; fileEncoding = 4; lastKnownFileType = sourcecode.c.objc; path = LolayNoTracker.m; sourceTree = "<group>"; };
		4EFB531218A2B2BF00B6096A /* LolayNSLogTracker.h */ = {isa = PBXFileReference; fileEncoding = 4; lastKnownFileType = sourcecode.c.h; path = LolayNSLogTracker.h; sourceTree = "<group>"; };
		4EFB531318A2B2BF00B6096A /* LolayNSLogTracker.m */ = {isa = PBXFileReference; fileEncoding = 4; lastKnownFileType = sourcecode.c.objc; path = LolayNSLogTracker.m; sourceTree = "<group>"; };
		4EFB531418A2B2BF00B6096A /* LolayOmnitureTracker.h */ = {isa = PBXFileReference; fileEncoding = 4; lastKnownFileType = sourcecode.c.h; path = LolayOmnitureTracker.h; sourceTree = "<group>"; };
		4EFB531518A2B2BF00B6096A /* LolayOmnitureTracker.m */ = {isa = PBXFileReference; fileEncoding = 4; lastKnownFileType = sourcecode.c.objc; path = LolayOmnitureTracker.m; sourceTree = "<group>"; };
		4EFB531618A2B2BF00B6096A /* LolayOmnitureTrackerDelegate.h */ = {isa = PBXFileReference; fileEncoding = 4; lastKnownFileType = sourcecode.c.h; path = LolayOmnitureTrackerDelegate.h; sourceTree = "<group>"; };
		4EFB531718A2B2BF00B6096A /* LolayTracker.h */ = {isa = PBXFileReference; fileEncoding = 4; lastKnownFileType = sourcecode.c.h; path = LolayTracker.h; sourceTree = "<group>"; };
		4EFB531818A2B2BF00B6096A /* LolayTrackerGender.h */ = {isa = PBXFileReference; fileEncoding = 4; lastKnownFileType = sourcecode.c.h; path = LolayTrackerGender.h; sourceTree = "<group>"; };
		4EFB532318A2B60100B6096A /* LICENSE */ = {isa = PBXFileReference; lastKnownFileType = text; path = LICENSE; sourceTree = "<group>"; };
		4EFB532418A2B60100B6096A /* README */ = {isa = PBXFileReference; lastKnownFileType = text; path = README; sourceTree = "<group>"; };
		4EFB532618A2B77300B6096A /* Flurry.h */ = {isa = PBXFileReference; fileEncoding = 4; lastKnownFileType = sourcecode.c.h; path = Flurry.h; sourceTree = "<group>"; };
		4EFB532718A2B77300B6096A /* libFlurry.a */ = {isa = PBXFileReference; lastKnownFileType = archive.ar; path = libFlurry.a; sourceTree = "<group>"; };
		4EFB532818A2B77300B6096A /* README */ = {isa = PBXFileReference; fileEncoding = 4; lastKnownFileType = text; path = README; sourceTree = "<group>"; };
		4EFB532A18A2B98A00B6096A /* LolayFlurryTrackerTests.m */ = {isa = PBXFileReference; fileEncoding = 4; lastKnownFileType = sourcecode.c.objc; path = LolayFlurryTrackerTests.m; sourceTree = "<group>"; };
		4EFB532D18A2BEAE00B6096A /* libOCMock.a */ = {isa = PBXFileReference; lastKnownFileType = archive.ar; path = libOCMock.a; sourceTree = "<group>"; };
		4EFB532F18A2BEAE00B6096A /* NSNotificationCenter+OCMAdditions.h */ = {isa = PBXFileReference; fileEncoding = 4; lastKnownFileType = sourcecode.c.h; path = "NSNotificationCenter+OCMAdditions.h"; sourceTree = "<group>"; };
		4EFB533018A2BEAE00B6096A /* OCMArg.h */ = {isa = PBXFileReference; fileEncoding = 4; lastKnownFileType = sourcecode.c.h; path = OCMArg.h; sourceTree = "<group>"; };
		4EFB533118A2BEAE00B6096A /* OCMConstraint.h */ = {isa = PBXFileReference; fileEncoding = 4; lastKnownFileType = sourcecode.c.h; path = OCMConstraint.h; sourceTree = "<group>"; };
		4EFB533218A2BEAE00B6096A /* OCMock.h */ = {isa = PBXFileReference; fileEncoding = 4; lastKnownFileType = sourcecode.c.h; path = OCMock.h; sourceTree = "<group>"; };
		4EFB533318A2BEAE00B6096A /* OCMockObject.h */ = {isa = PBXFileReference; fileEncoding = 4; lastKnownFileType = sourcecode.c.h; path = OCMockObject.h; sourceTree = "<group>"; };
		4EFB533418A2BEAE00B6096A /* OCMockRecorder.h */ = {isa = PBXFileReference; fileEncoding = 4; lastKnownFileType = sourcecode.c.h; path = OCMockRecorder.h; sourceTree = "<group>"; };
		4EFB533618A2DB5D00B6096A /* LolayInvestigo.podspec */ = {isa = PBXFileReference; lastKnownFileType = text; path = LolayInvestigo.podspec; sourceTree = "<group>"; };
/* End PBXFileReference section */

/* Begin PBXFrameworksBuildPhase section */
		4EFB52D618A2B26600B6096A /* Frameworks */ = {
			isa = PBXFrameworksBuildPhase;
			buildActionMask = 2147483647;
			files = (
				4EFB52DD18A2B26600B6096A /* Foundation.framework in Frameworks */,
				4EFB532918A2B77300B6096A /* libFlurry.a in Frameworks */,
			);
			runOnlyForDeploymentPostprocessing = 0;
		};
		4EFB52E618A2B26600B6096A /* Frameworks */ = {
			isa = PBXFrameworksBuildPhase;
			buildActionMask = 2147483647;
			files = (
				4EFB52EB18A2B26600B6096A /* XCTest.framework in Frameworks */,
				4EFB52EE18A2B26600B6096A /* UIKit.framework in Frameworks */,
				4EFB52F118A2B26600B6096A /* libLolayInvestigo.a in Frameworks */,
				4EFB52EC18A2B26600B6096A /* Foundation.framework in Frameworks */,
				4EFB533518A2BEAE00B6096A /* libOCMock.a in Frameworks */,
			);
			runOnlyForDeploymentPostprocessing = 0;
		};
/* End PBXFrameworksBuildPhase section */

/* Begin PBXGroup section */
		4EFB52D018A2B26600B6096A = {
			isa = PBXGroup;
			children = (
				4EFB532418A2B60100B6096A /* README */,
				4EFB532318A2B60100B6096A /* LICENSE */,
				4EFB533618A2DB5D00B6096A /* LolayInvestigo.podspec */,
				4EFB52DE18A2B26600B6096A /* LolayInvestigo */,
				4EFB52F218A2B26600B6096A /* LolayInvestigoTests */,
				4EFB532518A2B77300B6096A /* Flurry */,
				4EFB532C18A2BEAE00B6096A /* OCMock */,
				4EFB52DB18A2B26600B6096A /* Frameworks */,
				4EFB52DA18A2B26600B6096A /* Products */,
			);
			sourceTree = "<group>";
		};
		4EFB52DA18A2B26600B6096A /* Products */ = {
			isa = PBXGroup;
			children = (
				4EFB52D918A2B26600B6096A /* libLolayInvestigo.a */,
				4EFB52E918A2B26600B6096A /* LolayInvestigoTests.xctest */,
			);
			name = Products;
			sourceTree = "<group>";
		};
		4EFB52DB18A2B26600B6096A /* Frameworks */ = {
			isa = PBXGroup;
			children = (
				4EFB52DC18A2B26600B6096A /* Foundation.framework */,
				4EFB52EA18A2B26600B6096A /* XCTest.framework */,
				4EFB52ED18A2B26600B6096A /* UIKit.framework */,
			);
			name = Frameworks;
			sourceTree = "<group>";
		};
		4EFB52DE18A2B26600B6096A /* LolayInvestigo */ = {
			isa = PBXGroup;
			children = (
				4EFB530218A2B2BF00B6096A /* LolayAdMobTracking.h */,
				4EFB530318A2B2BF00B6096A /* LolayAdMobTracking.m */,
				4EFB530418A2B2BF00B6096A /* LolayBangoTracker.h */,
				4EFB530518A2B2BF00B6096A /* LolayBangoTracker.m */,
				4EFB530618A2B2BF00B6096A /* LolayBaseTracker.h */,
				4EFB530718A2B2BF00B6096A /* LolayBaseTracker.m */,
				4EFB530818A2B2BF00B6096A /* LolayFiksuTracker.h */,
				4EFB530918A2B2BF00B6096A /* LolayFiksuTracker.m */,
				4EFB530A18A2B2BF00B6096A /* LolayFlurryTracker.h */,
				4EFB530B18A2B2BF00B6096A /* LolayFlurryTracker.m */,
				4EFB530C18A2B2BF00B6096A /* LolayLocaleTracker.h */,
				4EFB530D18A2B2BF00B6096A /* LolayLocaleTracker.m */,
				4EFB530E18A2B2BF00B6096A /* LolayMultipleTracker.h */,
				4EFB530F18A2B2BF00B6096A /* LolayMultipleTracker.m */,
				4EFB531018A2B2BF00B6096A /* LolayNoTracker.h */,
				4EFB531118A2B2BF00B6096A /* LolayNoTracker.m */,
				4EFB531218A2B2BF00B6096A /* LolayNSLogTracker.h */,
				4EFB531318A2B2BF00B6096A /* LolayNSLogTracker.m */,
				4EFB531418A2B2BF00B6096A /* LolayOmnitureTracker.h */,
				4EFB531518A2B2BF00B6096A /* LolayOmnitureTracker.m */,
				4EFB531618A2B2BF00B6096A /* LolayOmnitureTrackerDelegate.h */,
				4EFB531718A2B2BF00B6096A /* LolayTracker.h */,
				4EFB531818A2B2BF00B6096A /* LolayTrackerGender.h */,
				4EFB52DF18A2B26600B6096A /* Supporting Files */,
			);
			path = LolayInvestigo;
			sourceTree = "<group>";
		};
		4EFB52DF18A2B26600B6096A /* Supporting Files */ = {
			isa = PBXGroup;
			children = (
				4EFB52E018A2B26600B6096A /* LolayInvestigo-Prefix.pch */,
			);
			name = "Supporting Files";
			sourceTree = "<group>";
		};
		4EFB52F218A2B26600B6096A /* LolayInvestigoTests */ = {
			isa = PBXGroup;
			children = (
				4EFB532A18A2B98A00B6096A /* LolayFlurryTrackerTests.m */,
				4EFB52F318A2B26600B6096A /* Supporting Files */,
			);
			path = LolayInvestigoTests;
			sourceTree = "<group>";
		};
		4EFB52F318A2B26600B6096A /* Supporting Files */ = {
			isa = PBXGroup;
			children = (
				4EFB52F418A2B26600B6096A /* LolayInvestigoTests-Info.plist */,
				4EFB52F518A2B26600B6096A /* InfoPlist.strings */,
			);
			name = "Supporting Files";
			sourceTree = "<group>";
		};
		4EFB532518A2B77300B6096A /* Flurry */ = {
			isa = PBXGroup;
			children = (
				4EFB532818A2B77300B6096A /* README */,
				4EFB532618A2B77300B6096A /* Flurry.h */,
				4EFB532718A2B77300B6096A /* libFlurry.a */,
			);
			path = Flurry;
			sourceTree = "<group>";
		};
		4EFB532C18A2BEAE00B6096A /* OCMock */ = {
			isa = PBXGroup;
			children = (
				4EFB532D18A2BEAE00B6096A /* libOCMock.a */,
				4EFB532E18A2BEAE00B6096A /* OCMock */,
			);
			path = OCMock;
			sourceTree = "<group>";
		};
		4EFB532E18A2BEAE00B6096A /* OCMock */ = {
			isa = PBXGroup;
			children = (
				4EFB532F18A2BEAE00B6096A /* NSNotificationCenter+OCMAdditions.h */,
				4EFB533018A2BEAE00B6096A /* OCMArg.h */,
				4EFB533118A2BEAE00B6096A /* OCMConstraint.h */,
				4EFB533218A2BEAE00B6096A /* OCMock.h */,
				4EFB533318A2BEAE00B6096A /* OCMockObject.h */,
				4EFB533418A2BEAE00B6096A /* OCMockRecorder.h */,
			);
			path = OCMock;
			sourceTree = "<group>";
		};
/* End PBXGroup section */

/* Begin PBXNativeTarget section */
		4EFB52D818A2B26600B6096A /* LolayInvestigo */ = {
			isa = PBXNativeTarget;
			buildConfigurationList = 4EFB52FC18A2B26600B6096A /* Build configuration list for PBXNativeTarget "LolayInvestigo" */;
			buildPhases = (
				4EFB52D518A2B26600B6096A /* Sources */,
				4EFB52D618A2B26600B6096A /* Frameworks */,
				4EFB52D718A2B26600B6096A /* CopyFiles */,
			);
			buildRules = (
			);
			dependencies = (
			);
			name = LolayInvestigo;
			productName = LolayInvestigo;
			productReference = 4EFB52D918A2B26600B6096A /* libLolayInvestigo.a */;
			productType = "com.apple.product-type.library.static";
		};
		4EFB52E818A2B26600B6096A /* LolayInvestigoTests */ = {
			isa = PBXNativeTarget;
			buildConfigurationList = 4EFB52FF18A2B26600B6096A /* Build configuration list for PBXNativeTarget "LolayInvestigoTests" */;
			buildPhases = (
				4EFB52E518A2B26600B6096A /* Sources */,
				4EFB52E618A2B26600B6096A /* Frameworks */,
				4EFB52E718A2B26600B6096A /* Resources */,
			);
			buildRules = (
			);
			dependencies = (
				4EFB52F018A2B26600B6096A /* PBXTargetDependency */,
			);
			name = LolayInvestigoTests;
			productName = LolayInvestigoTests;
			productReference = 4EFB52E918A2B26600B6096A /* LolayInvestigoTests.xctest */;
			productType = "com.apple.product-type.bundle.unit-test";
		};
/* End PBXNativeTarget section */

/* Begin PBXProject section */
		4EFB52D118A2B26600B6096A /* Project object */ = {
			isa = PBXProject;
			attributes = {
				LastUpgradeCheck = 0500;
				ORGANIZATIONNAME = "Lolay, Inc.";
			};
			buildConfigurationList = 4EFB52D418A2B26600B6096A /* Build configuration list for PBXProject "LolayInvestigo" */;
			compatibilityVersion = "Xcode 3.2";
			developmentRegion = English;
			hasScannedForEncodings = 0;
			knownRegions = (
				en,
			);
			mainGroup = 4EFB52D018A2B26600B6096A;
			productRefGroup = 4EFB52DA18A2B26600B6096A /* Products */;
			projectDirPath = "";
			projectRoot = "";
			targets = (
				4EFB52D818A2B26600B6096A /* LolayInvestigo */,
				4EFB52E818A2B26600B6096A /* LolayInvestigoTests */,
			);
		};
/* End PBXProject section */

/* Begin PBXResourcesBuildPhase section */
		4EFB52E718A2B26600B6096A /* Resources */ = {
			isa = PBXResourcesBuildPhase;
			buildActionMask = 2147483647;
			files = (
				4EFB52F718A2B26600B6096A /* InfoPlist.strings in Resources */,
			);
			runOnlyForDeploymentPostprocessing = 0;
		};
/* End PBXResourcesBuildPhase section */

/* Begin PBXSourcesBuildPhase section */
		4EFB52D518A2B26600B6096A /* Sources */ = {
			isa = PBXSourcesBuildPhase;
			buildActionMask = 2147483647;
			files = (
				4EFB532118A2B2BF00B6096A /* LolayNSLogTracker.m in Sources */,
				4EFB531B18A2B2BF00B6096A /* LolayBaseTracker.m in Sources */,
				4EFB532018A2B2BF00B6096A /* LolayNoTracker.m in Sources */,
				4EFB531F18A2B2BF00B6096A /* LolayMultipleTracker.m in Sources */,
				4EFB531D18A2B2BF00B6096A /* LolayFlurryTracker.m in Sources */,
				4EFB531E18A2B2BF00B6096A /* LolayLocaleTracker.m in Sources */,
			);
			runOnlyForDeploymentPostprocessing = 0;
		};
		4EFB52E518A2B26600B6096A /* Sources */ = {
			isa = PBXSourcesBuildPhase;
			buildActionMask = 2147483647;
			files = (
				4EFB532B18A2B98A00B6096A /* LolayFlurryTrackerTests.m in Sources */,
			);
			runOnlyForDeploymentPostprocessing = 0;
		};
/* End PBXSourcesBuildPhase section */

/* Begin PBXTargetDependency section */
		4EFB52F018A2B26600B6096A /* PBXTargetDependency */ = {
			isa = PBXTargetDependency;
			target = 4EFB52D818A2B26600B6096A /* LolayInvestigo */;
			targetProxy = 4EFB52EF18A2B26600B6096A /* PBXContainerItemProxy */;
		};
/* End PBXTargetDependency section */

/* Begin PBXVariantGroup section */
		4EFB52F518A2B26600B6096A /* InfoPlist.strings */ = {
			isa = PBXVariantGroup;
			children = (
				4EFB52F618A2B26600B6096A /* en */,
			);
			name = InfoPlist.strings;
			sourceTree = "<group>";
		};
/* End PBXVariantGroup section */

/* Begin XCBuildConfiguration section */
		4EFB52FA18A2B26600B6096A /* Debug */ = {
			isa = XCBuildConfiguration;
			buildSettings = {
				ALWAYS_SEARCH_USER_PATHS = NO;
				ARCHS = "$(ARCHS_STANDARD_INCLUDING_64_BIT)";
				CLANG_CXX_LANGUAGE_STANDARD = "c++0x";
				CLANG_CXX_LIBRARY = "libc++";
				CLANG_ENABLE_MODULES = YES;
				CLANG_ENABLE_OBJC_ARC = YES;
				CLANG_WARN_BOOL_CONVERSION = YES;
				CLANG_WARN_CONSTANT_CONVERSION = YES;
				CLANG_WARN_DIRECT_OBJC_ISA_USAGE = YES_ERROR;
				CLANG_WARN_EMPTY_BODY = YES;
				CLANG_WARN_ENUM_CONVERSION = YES;
				CLANG_WARN_INT_CONVERSION = YES;
				CLANG_WARN_OBJC_ROOT_CLASS = YES_ERROR;
				CLANG_WARN__DUPLICATE_METHOD_MATCH = YES;
				COPY_PHASE_STRIP = NO;
				GCC_C_LANGUAGE_STANDARD = c11;
				GCC_OPTIMIZATION_LEVEL = 0;
				GCC_PREPROCESSOR_DEFINITIONS = (
					"DEBUG=1",
					"$(inherited)",
				);
				GCC_WARN_64_TO_32_BIT_CONVERSION = YES;
				GCC_WARN_ABOUT_RETURN_TYPE = YES_ERROR;
				GCC_WARN_UNDECLARED_SELECTOR = YES;
				GCC_WARN_UNINITIALIZED_AUTOS = YES;
				GCC_WARN_UNUSED_FUNCTION = YES;
				GCC_WARN_UNUSED_VARIABLE = YES;
				IPHONEOS_DEPLOYMENT_TARGET = 7.0;
				ONLY_ACTIVE_ARCH = YES;
				SDKROOT = iphoneos;
				VALIDATE_PRODUCT = YES;
			};
			name = Debug;
		};
		4EFB52FB18A2B26600B6096A /* Release */ = {
			isa = XCBuildConfiguration;
			buildSettings = {
				ALWAYS_SEARCH_USER_PATHS = NO;
				ARCHS = "$(ARCHS_STANDARD_INCLUDING_64_BIT)";
				CLANG_CXX_LANGUAGE_STANDARD = "c++0x";
				CLANG_CXX_LIBRARY = "libc++";
				CLANG_ENABLE_MODULES = YES;
				CLANG_ENABLE_OBJC_ARC = YES;
				CLANG_WARN_BOOL_CONVERSION = YES;
				CLANG_WARN_CONSTANT_CONVERSION = YES;
				CLANG_WARN_DIRECT_OBJC_ISA_USAGE = YES_ERROR;
				CLANG_WARN_EMPTY_BODY = YES;
				CLANG_WARN_ENUM_CONVERSION = YES;
				CLANG_WARN_INT_CONVERSION = YES;
				CLANG_WARN_OBJC_ROOT_CLASS = YES_ERROR;
				CLANG_WARN__DUPLICATE_METHOD_MATCH = YES;
				COPY_PHASE_STRIP = YES;
				ENABLE_NS_ASSERTIONS = NO;
				GCC_C_LANGUAGE_STANDARD = c11;
				GCC_WARN_64_TO_32_BIT_CONVERSION = YES;
				GCC_WARN_ABOUT_RETURN_TYPE = YES_ERROR;
				GCC_WARN_UNDECLARED_SELECTOR = YES;
				GCC_WARN_UNINITIALIZED_AUTOS = YES;
				GCC_WARN_UNUSED_FUNCTION = YES;
				GCC_WARN_UNUSED_VARIABLE = YES;
				IPHONEOS_DEPLOYMENT_TARGET = 7.0;
				SDKROOT = iphoneos;
				VALIDATE_PRODUCT = YES;
			};
			name = Release;
		};
		4EFB52FD18A2B26600B6096A /* Debug */ = {
			isa = XCBuildConfiguration;
			buildSettings = {
				GCC_PRECOMPILE_PREFIX_HEADER = YES;
				GCC_PREFIX_HEADER = "LolayInvestigo/LolayInvestigo-Prefix.pch";
				LIBRARY_SEARCH_PATHS = (
					"$(inherited)",
					/Users/gary/Projects/lolay/investigo/Flurry,
				);
				OTHER_LDFLAGS = "-ObjC";
				PRODUCT_NAME = "$(TARGET_NAME)";
				SKIP_INSTALL = YES;
			};
			name = Debug;
		};
		4EFB52FE18A2B26600B6096A /* Release */ = {
			isa = XCBuildConfiguration;
			buildSettings = {
				GCC_PRECOMPILE_PREFIX_HEADER = YES;
				GCC_PREFIX_HEADER = "LolayInvestigo/LolayInvestigo-Prefix.pch";
				LIBRARY_SEARCH_PATHS = (
					"$(inherited)",
					/Users/gary/Projects/lolay/investigo/Flurry,
				);
				OTHER_LDFLAGS = "-ObjC";
				PRODUCT_NAME = "$(TARGET_NAME)";
				SKIP_INSTALL = YES;
			};
			name = Release;
		};
		4EFB530018A2B26600B6096A /* Debug */ = {
			isa = XCBuildConfiguration;
			buildSettings = {
				FRAMEWORK_SEARCH_PATHS = (
					"$(SDKROOT)/Developer/Library/Frameworks",
					"$(inherited)",
					"$(DEVELOPER_FRAMEWORKS_DIR)",
				);
				GCC_PRECOMPILE_PREFIX_HEADER = YES;
				GCC_PREFIX_HEADER = "LolayInvestigo/LolayInvestigo-Prefix.pch";
				HEADER_SEARCH_PATHS = (
					"$(inherited)",
					/Applications/Xcode.app/Contents/Developer/Toolchains/XcodeDefault.xctoolchain/usr/include,
					"OCMock/**",
				);
				INFOPLIST_FILE = "LolayInvestigoTests/LolayInvestigoTests-Info.plist";
				LIBRARY_SEARCH_PATHS = (
					"$(inherited)",
					/Users/gary/Projects/lolay/investigo/OCMock,
				);
				PRODUCT_NAME = "$(TARGET_NAME)";
				WRAPPER_EXTENSION = xctest;
			};
			name = Debug;
		};
		4EFB530118A2B26600B6096A /* Release */ = {
			isa = XCBuildConfiguration;
			buildSettings = {
				FRAMEWORK_SEARCH_PATHS = (
					"$(SDKROOT)/Developer/Library/Frameworks",
					"$(inherited)",
					"$(DEVELOPER_FRAMEWORKS_DIR)",
				);
				GCC_PRECOMPILE_PREFIX_HEADER = YES;
				GCC_PREFIX_HEADER = "LolayInvestigo/LolayInvestigo-Prefix.pch";
				HEADER_SEARCH_PATHS = (
					"$(inherited)",
					/Applications/Xcode.app/Contents/Developer/Toolchains/XcodeDefault.xctoolchain/usr/include,
					"OCMock/**",
				);
				INFOPLIST_FILE = "LolayInvestigoTests/LolayInvestigoTests-Info.plist";
				LIBRARY_SEARCH_PATHS = (
					"$(inherited)",
					/Users/gary/Projects/lolay/investigo/OCMock,
				);
				PRODUCT_NAME = "$(TARGET_NAME)";
				WRAPPER_EXTENSION = xctest;
			};
			name = Release;
		};
/* End XCBuildConfiguration section */

/* Begin XCConfigurationList section */
		4EFB52D418A2B26600B6096A /* Build configuration list for PBXProject "LolayInvestigo" */ = {
			isa = XCConfigurationList;
			buildConfigurations = (
				4EFB52FA18A2B26600B6096A /* Debug */,
				4EFB52FB18A2B26600B6096A /* Release */,
			);
			defaultConfigurationIsVisible = 0;
			defaultConfigurationName = Release;
		};
		4EFB52FC18A2B26600B6096A /* Build configuration list for PBXNativeTarget "LolayInvestigo" */ = {
			isa = XCConfigurationList;
			buildConfigurations = (
				4EFB52FD18A2B26600B6096A /* Debug */,
				4EFB52FE18A2B26600B6096A /* Release */,
			);
			defaultConfigurationIsVisible = 0;
			defaultConfigurationName = Release;
		};
		4EFB52FF18A2B26600B6096A /* Build configuration list for PBXNativeTarget "LolayInvestigoTests" */ = {
			isa = XCConfigurationList;
			buildConfigurations = (
				4EFB530018A2B26600B6096A /* Debug */,
				4EFB530118A2B26600B6096A /* Release */,
			);
			defaultConfigurationIsVisible = 0;
			defaultConfigurationName = Release;
		};
/* End XCConfigurationList section */
	};
	rootObject = 4EFB52D118A2B26600B6096A /* Project object */;
}
